
Microsoft Visual Studio Solution File, Format Version 12.00
# Visual Studio 15
VisualStudioVersion = 15.0.28307.329
MinimumVisualStudioVersion = 10.0.40219.1
Project("{FAE04EC0-301F-11D3-BF4B-00C04F79EFBC}") = "EinfacheSchleifen", "EinfacheSchleifen\EinfacheSchleifen.csproj", "{6BE18B2C-77C0-49E1-9A56-A1884EFE8A6F}"
EndProject
Global
	GlobalSection(SolutionConfigurationPlatforms) = preSolution
		Debug|Any CPU = Debug|Any CPU
		Release|Any CPU = Release|Any CPU
	EndGlobalSection
	GlobalSection(ProjectConfigurationPlatforms) = postSolution
		{6BE18B2C-77C0-49E1-9A56-A1884EFE8A6F}.Debug|Any CPU.ActiveCfg = Debug|Any CPU
		{6BE18B2C-77C0-49E1-9A56-A1884EFE8A6F}.Debug|Any CPU.Build.0 = Debug|Any CPU
		{6BE18B2C-77C0-49E1-9A56-A1884EFE8A6F}.Release|Any CPU.ActiveCfg = Release|Any CPU
		{6BE18B2C-77C0-49E1-9A56-A1884EFE8A6F}.Release|Any CPU.Build.0 = Release|Any CPU
	EndGlobalSection
	GlobalSection(SolutionProperties) = preSolution
		HideSolutionNode = FALSE
	EndGlobalSection
	GlobalSection(ExtensibilityGlobals) = postSolution
		SolutionGuid = {9F1ED639-CC32-4D31-AE4F-8E7B11894EC5}
	EndGlobalSection
EndGlobal
